
Microsoft Visual Studio Solution File, Format Version 12.00
# Visual Studio 15
VisualStudioVersion = 15.0.26730.10
MinimumVisualStudioVersion = 10.0.40219.1
Project("{FAE04EC0-301F-11D3-BF4B-00C04F79EFBC}") = "Lab_Assignement_2", "Lab_Assignement_2\Lab_Assignement_2.csproj", "{BD78039F-D110-457A-8ACA-A4492F6E9999}"
EndProject
Project("{9A19103F-16F7-4668-BE54-9A1E7A4F7556}") = "NET_Delegate", "..\..\..\..\..\source\repos\Practice\Practice\NET_Delegate.csproj", "{3B28ED20-AA15-45ED-B7ED-A974E0A08949}"
EndProject
Project("{9A19103F-16F7-4668-BE54-9A1E7A4F7556}") = "Delegate", "..\..\..\..\..\source\repos\Practice\Delegate\Delegate.csproj", "{78467E41-8AD6-4211-9F18-736452B0FE70}"
EndProject
Project("{9A19103F-16F7-4668-BE54-9A1E7A4F7556}") = "DelegateArg", "..\..\..\..\..\source\repos\Practice\DelegateArg\DelegateArg.csproj", "{67F15535-AE33-43D8-ABD0-1E0720DF25E8}"
EndProject
Project("{9A19103F-16F7-4668-BE54-9A1E7A4F7556}") = "NET_DelegateArg", "..\..\..\..\..\source\repos\Practice\NET_DelegateArg\NET_DelegateArg.csproj", "{DB57C525-64EF-478A-8685-612EF9260279}"
EndProject
Project("{9A19103F-16F7-4668-BE54-9A1E7A4F7556}") = "StockSimulation", "..\..\..\..\..\source\repos\Practice\StockSimulation\StockSimulation.csproj", "{733B36AA-D60F-4F8A-BD90-8E7A3F67E205}"
EndProject
Global
	GlobalSection(SolutionConfigurationPlatforms) = preSolution
		Debug|Any CPU = Debug|Any CPU
		Release|Any CPU = Release|Any CPU
	EndGlobalSection
	GlobalSection(ProjectConfigurationPlatforms) = postSolution
		{BD78039F-D110-457A-8ACA-A4492F6E9999}.Debug|Any CPU.ActiveCfg = Debug|Any CPU
		{BD78039F-D110-457A-8ACA-A4492F6E9999}.Debug|Any CPU.Build.0 = Debug|Any CPU
		{BD78039F-D110-457A-8ACA-A4492F6E9999}.Release|Any CPU.ActiveCfg = Release|Any CPU
		{BD78039F-D110-457A-8ACA-A4492F6E9999}.Release|Any CPU.Build.0 = Release|Any CPU
		{3B28ED20-AA15-45ED-B7ED-A974E0A08949}.Debug|Any CPU.ActiveCfg = Debug|Any CPU
		{3B28ED20-AA15-45ED-B7ED-A974E0A08949}.Debug|Any CPU.Build.0 = Debug|Any CPU
		{3B28ED20-AA15-45ED-B7ED-A974E0A08949}.Release|Any CPU.ActiveCfg = Release|Any CPU
		{3B28ED20-AA15-45ED-B7ED-A974E0A08949}.Release|Any CPU.Build.0 = Release|Any CPU
		{78467E41-8AD6-4211-9F18-736452B0FE70}.Debug|Any CPU.ActiveCfg = Debug|Any CPU
		{78467E41-8AD6-4211-9F18-736452B0FE70}.Debug|Any CPU.Build.0 = Debug|Any CPU
		{78467E41-8AD6-4211-9F18-736452B0FE70}.Release|Any CPU.ActiveCfg = Release|Any CPU
		{78467E41-8AD6-4211-9F18-736452B0FE70}.Release|Any CPU.Build.0 = Release|Any CPU
		{67F15535-AE33-43D8-ABD0-1E0720DF25E8}.Debug|Any CPU.ActiveCfg = Debug|Any CPU
		{67F15535-AE33-43D8-ABD0-1E0720DF25E8}.Debug|Any CPU.Build.0 = Debug|Any CPU
		{67F15535-AE33-43D8-ABD0-1E0720DF25E8}.Release|Any CPU.ActiveCfg = Release|Any CPU
		{67F15535-AE33-43D8-ABD0-1E0720DF25E8}.Release|Any CPU.Build.0 = Release|Any CPU
		{DB57C525-64EF-478A-8685-612EF9260279}.Debug|Any CPU.ActiveCfg = Debug|Any CPU
		{DB57C525-64EF-478A-8685-612EF9260279}.Debug|Any CPU.Build.0 = Debug|Any CPU
		{DB57C525-64EF-478A-8685-612EF9260279}.Release|Any CPU.ActiveCfg = Release|Any CPU
		{DB57C525-64EF-478A-8685-612EF9260279}.Release|Any CPU.Build.0 = Release|Any CPU
		{733B36AA-D60F-4F8A-BD90-8E7A3F67E205}.Debug|Any CPU.ActiveCfg = Debug|Any CPU
		{733B36AA-D60F-4F8A-BD90-8E7A3F67E205}.Debug|Any CPU.Build.0 = Debug|Any CPU
		{733B36AA-D60F-4F8A-BD90-8E7A3F67E205}.Release|Any CPU.ActiveCfg = Release|Any CPU
		{733B36AA-D60F-4F8A-BD90-8E7A3F67E205}.Release|Any CPU.Build.0 = Release|Any CPU
	EndGlobalSection
	GlobalSection(SolutionProperties) = preSolution
		HideSolutionNode = FALSE
	EndGlobalSection
	GlobalSection(ExtensibilityGlobals) = postSolution
		SolutionGuid = {36D2614B-C66C-4F83-94F7-F620E8BC25C4}
	EndGlobalSection
EndGlobal
